// !$*UTF8*$!
{
	archiveVersion = 1;
	classes = {
	};
	objectVersion = 56;
	objects = {

/* Begin PBXBuildFile section */
		D0DE2D7F2BC3E14E00354FA2 /* AppDelegate.swift in Sources */ = {isa = PBXBuildFile; fileRef = D0DE2D7E2BC3E14E00354FA2 /* AppDelegate.swift */; };
		D0DE2D812BC3E14E00354FA2 /* SceneDelegate.swift in Sources */ = {isa = PBXBuildFile; fileRef = D0DE2D802BC3E14E00354FA2 /* SceneDelegate.swift */; };
		D0DE2D832BC3E14E00354FA2 /* ViewController.swift in Sources */ = {isa = PBXBuildFile; fileRef = D0DE2D822BC3E14E00354FA2 /* ViewController.swift */; };
		D0DE2D862BC3E14E00354FA2 /* Base in Resources */ = {isa = PBXBuildFile; fileRef = D0DE2D852BC3E14E00354FA2 /* Base */; };
		D0DE2D882BC3E15000354FA2 /* Assets.xcassets in Resources */ = {isa = PBXBuildFile; fileRef = D0DE2D872BC3E15000354FA2 /* Assets.xcassets */; };
		D0DE2D8B2BC3E15000354FA2 /* Base in Resources */ = {isa = PBXBuildFile; fileRef = D0DE2D8A2BC3E15000354FA2 /* Base */; };
		D0DE2D942BC3E19500354FA2 /* SnapKit in Frameworks */ = {isa = PBXBuildFile; productRef = D0DE2D932BC3E19500354FA2 /* SnapKit */; };
		D0DE2D962BC3E19500354FA2 /* SnapKit-Dynamic in Frameworks */ = {isa = PBXBuildFile; productRef = D0DE2D952BC3E19500354FA2 /* SnapKit-Dynamic */; };
		D0DE2D982BC3E27C00354FA2 /* Presenter.swift in Sources */ = {isa = PBXBuildFile; fileRef = D0DE2D972BC3E27C00354FA2 /* Presenter.swift */; };
		D0DE2D9B2BC3F5D200354FA2 /* Structs.swift in Sources */ = {isa = PBXBuildFile; fileRef = D0DE2D9A2BC3F5D200354FA2 /* Structs.swift */; };
		D0DE2D9D2BC47CC800354FA2 /* API.swift in Sources */ = {isa = PBXBuildFile; fileRef = D0DE2D9C2BC47CC800354FA2 /* API.swift */; };
		D0DE2D9F2BC47D3600354FA2 /* Endpoint.swift in Sources */ = {isa = PBXBuildFile; fileRef = D0DE2D9E2BC47D3600354FA2 /* Endpoint.swift */; };
		D0DE2DA12BC47DFA00354FA2 /* NetworkErrors.swift in Sources */ = {isa = PBXBuildFile; fileRef = D0DE2DA02BC47DFA00354FA2 /* NetworkErrors.swift */; };
		D0DE2DA32BC47E7200354FA2 /* NetworkManager.swift in Sources */ = {isa = PBXBuildFile; fileRef = D0DE2DA22BC47E7200354FA2 /* NetworkManager.swift */; };
		D0DE2DA52BC554BD00354FA2 /* UDManager.swift in Sources */ = {isa = PBXBuildFile; fileRef = D0DE2DA42BC554BD00354FA2 /* UDManager.swift */; };
/* End PBXBuildFile section */

/* Begin PBXFileReference section */
		D0DE2D7B2BC3E14E00354FA2 /* TranslateApp.app */ = {isa = PBXFileReference; explicitFileType = wrapper.application; includeInIndex = 0; path = TranslateApp.app; sourceTree = BUILT_PRODUCTS_DIR; };
		D0DE2D7E2BC3E14E00354FA2 /* AppDelegate.swift */ = {isa = PBXFileReference; lastKnownFileType = sourcecode.swift; path = AppDelegate.swift; sourceTree = "<group>"; };
		D0DE2D802BC3E14E00354FA2 /* SceneDelegate.swift */ = {isa = PBXFileReference; lastKnownFileType = sourcecode.swift; path = SceneDelegate.swift; sourceTree = "<group>"; };
		D0DE2D822BC3E14E00354FA2 /* ViewController.swift */ = {isa = PBXFileReference; lastKnownFileType = sourcecode.swift; path = ViewController.swift; sourceTree = "<group>"; };
		D0DE2D852BC3E14E00354FA2 /* Base */ = {isa = PBXFileReference; lastKnownFileType = file.storyboard; name = Base; path = Base.lproj/Main.storyboard; sourceTree = "<group>"; };
		D0DE2D872BC3E15000354FA2 /* Assets.xcassets */ = {isa = PBXFileReference; lastKnownFileType = folder.assetcatalog; path = Assets.xcassets; sourceTree = "<group>"; };
		D0DE2D8A2BC3E15000354FA2 /* Base */ = {isa = PBXFileReference; lastKnownFileType = file.storyboard; name = Base; path = Base.lproj/LaunchScreen.storyboard; sourceTree = "<group>"; };
		D0DE2D8C2BC3E15000354FA2 /* Info.plist */ = {isa = PBXFileReference; lastKnownFileType = text.plist.xml; path = Info.plist; sourceTree = "<group>"; };
		D0DE2D972BC3E27C00354FA2 /* Presenter.swift */ = {isa = PBXFileReference; lastKnownFileType = sourcecode.swift; path = Presenter.swift; sourceTree = "<group>"; };
		D0DE2D9A2BC3F5D200354FA2 /* Structs.swift */ = {isa = PBXFileReference; lastKnownFileType = sourcecode.swift; path = Structs.swift; sourceTree = "<group>"; };
		D0DE2D9C2BC47CC800354FA2 /* API.swift */ = {isa = PBXFileReference; lastKnownFileType = sourcecode.swift; path = API.swift; sourceTree = "<group>"; };
		D0DE2D9E2BC47D3600354FA2 /* Endpoint.swift */ = {isa = PBXFileReference; lastKnownFileType = sourcecode.swift; path = Endpoint.swift; sourceTree = "<group>"; };
		D0DE2DA02BC47DFA00354FA2 /* NetworkErrors.swift */ = {isa = PBXFileReference; lastKnownFileType = sourcecode.swift; path = NetworkErrors.swift; sourceTree = "<group>"; };
		D0DE2DA22BC47E7200354FA2 /* NetworkManager.swift */ = {isa = PBXFileReference; lastKnownFileType = sourcecode.swift; path = NetworkManager.swift; sourceTree = "<group>"; };
		D0DE2DA42BC554BD00354FA2 /* UDManager.swift */ = {isa = PBXFileReference; lastKnownFileType = sourcecode.swift; path = UDManager.swift; sourceTree = "<group>"; };
/* End PBXFileReference section */

/* Begin PBXFrameworksBuildPhase section */
		D0DE2D782BC3E14E00354FA2 /* Frameworks */ = {
			isa = PBXFrameworksBuildPhase;
			buildActionMask = 2147483647;
			files = (
				D0DE2D942BC3E19500354FA2 /* SnapKit in Frameworks */,
				D0DE2D962BC3E19500354FA2 /* SnapKit-Dynamic in Frameworks */,
			);
			runOnlyForDeploymentPostprocessing = 0;
		};
/* End PBXFrameworksBuildPhase section */

/* Begin PBXGroup section */
		D0DE2D722BC3E14E00354FA2 = {
			isa = PBXGroup;
			children = (
				D0DE2D7D2BC3E14E00354FA2 /* TranslateApp */,
				D0DE2D7C2BC3E14E00354FA2 /* Products */,
			);
			sourceTree = "<group>";
		};
		D0DE2D7C2BC3E14E00354FA2 /* Products */ = {
			isa = PBXGroup;
			children = (
				D0DE2D7B2BC3E14E00354FA2 /* TranslateApp.app */,
			);
			name = Products;
			sourceTree = "<group>";
		};
		D0DE2D7D2BC3E14E00354FA2 /* TranslateApp */ = {
			isa = PBXGroup;
			children = (
				D0DE2D992BC3F48400354FA2 /* Networking */,
				D0DE2D7E2BC3E14E00354FA2 /* AppDelegate.swift */,
				D0DE2D802BC3E14E00354FA2 /* SceneDelegate.swift */,
				D0DE2D822BC3E14E00354FA2 /* ViewController.swift */,
				D0DE2D972BC3E27C00354FA2 /* Presenter.swift */,
				D0DE2D842BC3E14E00354FA2 /* Main.storyboard */,
				D0DE2D872BC3E15000354FA2 /* Assets.xcassets */,
				D0DE2D892BC3E15000354FA2 /* LaunchScreen.storyboard */,
				D0DE2D8C2BC3E15000354FA2 /* Info.plist */,
			);
			path = TranslateApp;
			sourceTree = "<group>";
		};
		D0DE2D992BC3F48400354FA2 /* Networking */ = {
			isa = PBXGroup;
			children = (
				D0DE2D9A2BC3F5D200354FA2 /* Structs.swift */,
				D0DE2D9C2BC47CC800354FA2 /* API.swift */,
				D0DE2D9E2BC47D3600354FA2 /* Endpoint.swift */,
				D0DE2DA02BC47DFA00354FA2 /* NetworkErrors.swift */,
				D0DE2DA22BC47E7200354FA2 /* NetworkManager.swift */,
				D0DE2DA42BC554BD00354FA2 /* UDManager.swift */,
			);
			path = Networking;
			sourceTree = "<group>";
		};
/* End PBXGroup section */

/* Begin PBXNativeTarget section */
		D0DE2D7A2BC3E14E00354FA2 /* TranslateApp */ = {
			isa = PBXNativeTarget;
			buildConfigurationList = D0DE2D8F2BC3E15000354FA2 /* Build configuration list for PBXNativeTarget "TranslateApp" */;
			buildPhases = (
				D0DE2D772BC3E14E00354FA2 /* Sources */,
				D0DE2D782BC3E14E00354FA2 /* Frameworks */,
				D0DE2D792BC3E14E00354FA2 /* Resources */,
			);
			buildRules = (
			);
			dependencies = (
			);
			name = TranslateApp;
			packageProductDependencies = (
				D0DE2D932BC3E19500354FA2 /* SnapKit */,
				D0DE2D952BC3E19500354FA2 /* SnapKit-Dynamic */,
			);
			productName = TranslateApp;
			productReference = D0DE2D7B2BC3E14E00354FA2 /* TranslateApp.app */;
			productType = "com.apple.product-type.application";
		};
/* End PBXNativeTarget section */

/* Begin PBXProject section */
		D0DE2D732BC3E14E00354FA2 /* Project object */ = {
			isa = PBXProject;
			attributes = {
				BuildIndependentTargetsInParallel = 1;
				LastSwiftUpdateCheck = 1530;
				LastUpgradeCheck = 1530;
				TargetAttributes = {
					D0DE2D7A2BC3E14E00354FA2 = {
						CreatedOnToolsVersion = 15.3;
					};
				};
			};
			buildConfigurationList = D0DE2D762BC3E14E00354FA2 /* Build configuration list for PBXProject "TranslateApp" */;
			compatibilityVersion = "Xcode 14.0";
			developmentRegion = en;
			hasScannedForEncodings = 0;
			knownRegions = (
				en,
				Base,
			);
			mainGroup = D0DE2D722BC3E14E00354FA2;
			packageReferences = (
				D0DE2D922BC3E19500354FA2 /* XCRemoteSwiftPackageReference "SnapKit" */,
			);
			productRefGroup = D0DE2D7C2BC3E14E00354FA2 /* Products */;
			projectDirPath = "";
			projectRoot = "";
			targets = (
				D0DE2D7A2BC3E14E00354FA2 /* TranslateApp */,
			);
		};
/* End PBXProject section */

/* Begin PBXResourcesBuildPhase section */
		D0DE2D792BC3E14E00354FA2 /* Resources */ = {
			isa = PBXResourcesBuildPhase;
			buildActionMask = 2147483647;
			files = (
				D0DE2D882BC3E15000354FA2 /* Assets.xcassets in Resources */,
				D0DE2D8B2BC3E15000354FA2 /* Base in Resources */,
				D0DE2D862BC3E14E00354FA2 /* Base in Resources */,
			);
			runOnlyForDeploymentPostprocessing = 0;
		};
/* End PBXResourcesBuildPhase section */

/* Begin PBXSourcesBuildPhase section */
		D0DE2D772BC3E14E00354FA2 /* Sources */ = {
			isa = PBXSourcesBuildPhase;
			buildActionMask = 2147483647;
			files = (
				D0DE2DA32BC47E7200354FA2 /* NetworkManager.swift in Sources */,
				D0DE2D9F2BC47D3600354FA2 /* Endpoint.swift in Sources */,
				D0DE2D832BC3E14E00354FA2 /* ViewController.swift in Sources */,
				D0DE2D7F2BC3E14E00354FA2 /* AppDelegate.swift in Sources */,
				D0DE2D9B2BC3F5D200354FA2 /* Structs.swift in Sources */,
				D0DE2D982BC3E27C00354FA2 /* Presenter.swift in Sources */,
				D0DE2DA12BC47DFA00354FA2 /* NetworkErrors.swift in Sources */,
				D0DE2D9D2BC47CC800354FA2 /* API.swift in Sources */,
				D0DE2DA52BC554BD00354FA2 /* UDManager.swift in Sources */,
				D0DE2D812BC3E14E00354FA2 /* SceneDelegate.swift in Sources */,
			);
			runOnlyForDeploymentPostprocessing = 0;
		};
/* End PBXSourcesBuildPhase section */

/* Begin PBXVariantGroup section */
		D0DE2D842BC3E14E00354FA2 /* Main.storyboard */ = {
			isa = PBXVariantGroup;
			children = (
				D0DE2D852BC3E14E00354FA2 /* Base */,
			);
			name = Main.storyboard;
			sourceTree = "<group>";
		};
		D0DE2D892BC3E15000354FA2 /* LaunchScreen.storyboard */ = {
			isa = PBXVariantGroup;
			children = (
				D0DE2D8A2BC3E15000354FA2 /* Base */,
			);
			name = LaunchScreen.storyboard;
			sourceTree = "<group>";
		};
/* End PBXVariantGroup section */

/* Begin XCBuildConfiguration section */
		D0DE2D8D2BC3E15000354FA2 /* Debug */ = {
			isa = XCBuildConfiguration;
			buildSettings = {
				ALWAYS_SEARCH_USER_PATHS = NO;
				ASSETCATALOG_COMPILER_GENERATE_SWIFT_ASSET_SYMBOL_EXTENSIONS = YES;
				CLANG_ANALYZER_NONNULL = YES;
				CLANG_ANALYZER_NUMBER_OBJECT_CONVERSION = YES_AGGRESSIVE;
				CLANG_CXX_LANGUAGE_STANDARD = "gnu++20";
				CLANG_ENABLE_MODULES = YES;
				CLANG_ENABLE_OBJC_ARC = YES;
				CLANG_ENABLE_OBJC_WEAK = YES;
				CLANG_WARN_BLOCK_CAPTURE_AUTORELEASING = YES;
				CLANG_WARN_BOOL_CONVERSION = YES;
				CLANG_WARN_COMMA = YES;
				CLANG_WARN_CONSTANT_CONVERSION = YES;
				CLANG_WARN_DEPRECATED_OBJC_IMPLEMENTATIONS = YES;
				CLANG_WARN_DIRECT_OBJC_ISA_USAGE = YES_ERROR;
				CLANG_WARN_DOCUMENTATION_COMMENTS = YES;
				CLANG_WARN_EMPTY_BODY = YES;
				CLANG_WARN_ENUM_CONVERSION = YES;
				CLANG_WARN_INFINITE_RECURSION = YES;
				CLANG_WARN_INT_CONVERSION = YES;
				CLANG_WARN_NON_LITERAL_NULL_CONVERSION = YES;
				CLANG_WARN_OBJC_IMPLICIT_RETAIN_SELF = YES;
				CLANG_WARN_OBJC_LITERAL_CONVERSION = YES;
				CLANG_WARN_OBJC_ROOT_CLASS = YES_ERROR;
				CLANG_WARN_QUOTED_INCLUDE_IN_FRAMEWORK_HEADER = YES;
				CLANG_WARN_RANGE_LOOP_ANALYSIS = YES;
				CLANG_WARN_STRICT_PROTOTYPES = YES;
				CLANG_WARN_SUSPICIOUS_MOVE = YES;
				CLANG_WARN_UNGUARDED_AVAILABILITY = YES_AGGRESSIVE;
				CLANG_WARN_UNREACHABLE_CODE = YES;
				CLANG_WARN__DUPLICATE_METHOD_MATCH = YES;
				COPY_PHASE_STRIP = NO;
				DEBUG_INFORMATION_FORMAT = dwarf;
				ENABLE_STRICT_OBJC_MSGSEND = YES;
				ENABLE_TESTABILITY = YES;
				ENABLE_USER_SCRIPT_SANDBOXING = YES;
				GCC_C_LANGUAGE_STANDARD = gnu17;
				GCC_DYNAMIC_NO_PIC = NO;
				GCC_NO_COMMON_BLOCKS = YES;
				GCC_OPTIMIZATION_LEVEL = 0;
				GCC_PREPROCESSOR_DEFINITIONS = (
					"DEBUG=1",
					"$(inherited)",
				);
				GCC_WARN_64_TO_32_BIT_CONVERSION = YES;
				GCC_WARN_ABOUT_RETURN_TYPE = YES_ERROR;
				GCC_WARN_UNDECLARED_SELECTOR = YES;
				GCC_WARN_UNINITIALIZED_AUTOS = YES_AGGRESSIVE;
				GCC_WARN_UNUSED_FUNCTION = YES;
				GCC_WARN_UNUSED_VARIABLE = YES;
				IPHONEOS_DEPLOYMENT_TARGET = 17.4;
				LOCALIZATION_PREFERS_STRING_CATALOGS = YES;
				MTL_ENABLE_DEBUG_INFO = INCLUDE_SOURCE;
				MTL_FAST_MATH = YES;
				ONLY_ACTIVE_ARCH = YES;
				SDKROOT = iphoneos;
				SWIFT_ACTIVE_COMPILATION_CONDITIONS = "DEBUG $(inherited)";
				SWIFT_OPTIMIZATION_LEVEL = "-Onone";
			};
			name = Debug;
		};
		D0DE2D8E2BC3E15000354FA2 /* Release */ = {
			isa = XCBuildConfiguration;
			buildSettings = {
				ALWAYS_SEARCH_USER_PATHS = NO;
				ASSETCATALOG_COMPILER_GENERATE_SWIFT_ASSET_SYMBOL_EXTENSIONS = YES;
				CLANG_ANALYZER_NONNULL = YES;
				CLANG_ANALYZER_NUMBER_OBJECT_CONVERSION = YES_AGGRESSIVE;
				CLANG_CXX_LANGUAGE_STANDARD = "gnu++20";
				CLANG_ENABLE_MODULES = YES;
				CLANG_ENABLE_OBJC_ARC = YES;
				CLANG_ENABLE_OBJC_WEAK = YES;
				CLANG_WARN_BLOCK_CAPTURE_AUTORELEASING = YES;
				CLANG_WARN_BOOL_CONVERSION = YES;
				CLANG_WARN_COMMA = YES;
				CLANG_WARN_CONSTANT_CONVERSION = YES;
				CLANG_WARN_DEPRECATED_OBJC_IMPLEMENTATIONS = YES;
				CLANG_WARN_DIRECT_OBJC_ISA_USAGE = YES_ERROR;
				CLANG_WARN_DOCUMENTATION_COMMENTS = YES;
				CLANG_WARN_EMPTY_BODY = YES;
				CLANG_WARN_ENUM_CONVERSION = YES;
				CLANG_WARN_INFINITE_RECURSION = YES;
				CLANG_WARN_INT_CONVERSION = YES;
				CLANG_WARN_NON_LITERAL_NULL_CONVERSION = YES;
				CLANG_WARN_OBJC_IMPLICIT_RETAIN_SELF = YES;
				CLANG_WARN_OBJC_LITERAL_CONVERSION = YES;
				CLANG_WARN_OBJC_ROOT_CLASS = YES_ERROR;
				CLANG_WARN_QUOTED_INCLUDE_IN_FRAMEWORK_HEADER = YES;
				CLANG_WARN_RANGE_LOOP_ANALYSIS = YES;
				CLANG_WARN_STRICT_PROTOTYPES = YES;
				CLANG_WARN_SUSPICIOUS_MOVE = YES;
				CLANG_WARN_UNGUARDED_AVAILABILITY = YES_AGGRESSIVE;
				CLANG_WARN_UNREACHABLE_CODE = YES;
				CLANG_WARN__DUPLICATE_METHOD_MATCH = YES;
				COPY_PHASE_STRIP = NO;
				DEBUG_INFORMATION_FORMAT = "dwarf-with-dsym";
				ENABLE_NS_ASSERTIONS = NO;
				ENABLE_STRICT_OBJC_MSGSEND = YES;
				ENABLE_USER_SCRIPT_SANDBOXING = YES;
				GCC_C_LANGUAGE_STANDARD = gnu17;
				GCC_NO_COMMON_BLOCKS = YES;
				GCC_WARN_64_TO_32_BIT_CONVERSION = YES;
				GCC_WARN_ABOUT_RETURN_TYPE = YES_ERROR;
				GCC_WARN_UNDECLARED_SELECTOR = YES;
				GCC_WARN_UNINITIALIZED_AUTOS = YES_AGGRESSIVE;
				GCC_WARN_UNUSED_FUNCTION = YES;
				GCC_WARN_UNUSED_VARIABLE = YES;
				IPHONEOS_DEPLOYMENT_TARGET = 17.4;
				LOCALIZATION_PREFERS_STRING_CATALOGS = YES;
				MTL_ENABLE_DEBUG_INFO = NO;
				MTL_FAST_MATH = YES;
				SDKROOT = iphoneos;
				SWIFT_COMPILATION_MODE = wholemodule;
				VALIDATE_PRODUCT = YES;
			};
			name = Release;
		};
		D0DE2D902BC3E15000354FA2 /* Debug */ = {
			isa = XCBuildConfiguration;
			buildSettings = {
				ASSETCATALOG_COMPILER_APPICON_NAME = AppIcon;
				ASSETCATALOG_COMPILER_GLOBAL_ACCENT_COLOR_NAME = AccentColor;
				CODE_SIGN_STYLE = Automatic;
				CURRENT_PROJECT_VERSION = 1;
				DEVELOPMENT_TEAM = XUYG7TPG2C;
				GENERATE_INFOPLIST_FILE = YES;
				INFOPLIST_FILE = TranslateApp/Info.plist;
				INFOPLIST_KEY_UIApplicationSupportsIndirectInputEvents = YES;
				INFOPLIST_KEY_UILaunchStoryboardName = LaunchScreen;
				INFOPLIST_KEY_UIMainStoryboardFile = Main;
				INFOPLIST_KEY_UISupportedInterfaceOrientations_iPad = "UIInterfaceOrientationPortrait UIInterfaceOrientationPortraitUpsideDown UIInterfaceOrientationLandscapeLeft UIInterfaceOrientationLandscapeRight";
				INFOPLIST_KEY_UISupportedInterfaceOrientations_iPhone = "UIInterfaceOrientationPortrait UIInterfaceOrientationLandscapeLeft UIInterfaceOrientationLandscapeRight";
				LD_RUNPATH_SEARCH_PATHS = (
					"$(inherited)",
					"@executable_path/Frameworks",
				);
				MARKETING_VERSION = 1.0;
				PRODUCT_BUNDLE_IDENTIFIER = bolotska.com.TranslateApp;
				PRODUCT_NAME = "$(TARGET_NAME)";
				SWIFT_EMIT_LOC_STRINGS = YES;
				SWIFT_VERSION = 5.0;
				TARGETED_DEVICE_FAMILY = "1,2";
			};
			name = Debug;
		};
		D0DE2D912BC3E15000354FA2 /* Release */ = {
			isa = XCBuildConfiguration;
			buildSettings = {
				ASSETCATALOG_COMPILER_APPICON_NAME = AppIcon;
				ASSETCATALOG_COMPILER_GLOBAL_ACCENT_COLOR_NAME = AccentColor;
				CODE_SIGN_STYLE = Automatic;
				CURRENT_PROJECT_VERSION = 1;
				DEVELOPMENT_TEAM = XUYG7TPG2C;
				GENERATE_INFOPLIST_FILE = YES;
				INFOPLIST_FILE = TranslateApp/Info.plist;
				INFOPLIST_KEY_UIApplicationSupportsIndirectInputEvents = YES;
				INFOPLIST_KEY_UILaunchStoryboardName = LaunchScreen;
				INFOPLIST_KEY_UIMainStoryboardFile = Main;
				INFOPLIST_KEY_UISupportedInterfaceOrientations_iPad = "UIInterfaceOrientationPortrait UIInterfaceOrientationPortraitUpsideDown UIInterfaceOrientationLandscapeLeft UIInterfaceOrientationLandscapeRight";
				INFOPLIST_KEY_UISupportedInterfaceOrientations_iPhone = "UIInterfaceOrientationPortrait UIInterfaceOrientationLandscapeLeft UIInterfaceOrientationLandscapeRight";
				LD_RUNPATH_SEARCH_PATHS = (
					"$(inherited)",
					"@executable_path/Frameworks",
				);
				MARKETING_VERSION = 1.0;
				PRODUCT_BUNDLE_IDENTIFIER = bolotska.com.TranslateApp;
				PRODUCT_NAME = "$(TARGET_NAME)";
				SWIFT_EMIT_LOC_STRINGS = YES;
				SWIFT_VERSION = 5.0;
				TARGETED_DEVICE_FAMILY = "1,2";
			};
			name = Release;
		};
/* End XCBuildConfiguration section */

/* Begin XCConfigurationList section */
		D0DE2D762BC3E14E00354FA2 /* Build configuration list for PBXProject "TranslateApp" */ = {
			isa = XCConfigurationList;
			buildConfigurations = (
				D0DE2D8D2BC3E15000354FA2 /* Debug */,
				D0DE2D8E2BC3E15000354FA2 /* Release */,
			);
			defaultConfigurationIsVisible = 0;
			defaultConfigurationName = Release;
		};
		D0DE2D8F2BC3E15000354FA2 /* Build configuration list for PBXNativeTarget "TranslateApp" */ = {
			isa = XCConfigurationList;
			buildConfigurations = (
				D0DE2D902BC3E15000354FA2 /* Debug */,
				D0DE2D912BC3E15000354FA2 /* Release */,
			);
			defaultConfigurationIsVisible = 0;
			defaultConfigurationName = Release;
		};
/* End XCConfigurationList section */

/* Begin XCRemoteSwiftPackageReference section */
		D0DE2D922BC3E19500354FA2 /* XCRemoteSwiftPackageReference "SnapKit" */ = {
			isa = XCRemoteSwiftPackageReference;
			repositoryURL = "https://github.com/SnapKit/SnapKit.git";
			requirement = {
				kind = upToNextMajorVersion;
				minimumVersion = 5.7.1;
			};
		};
/* End XCRemoteSwiftPackageReference section */

/* Begin XCSwiftPackageProductDependency section */
		D0DE2D932BC3E19500354FA2 /* SnapKit */ = {
			isa = XCSwiftPackageProductDependency;
			package = D0DE2D922BC3E19500354FA2 /* XCRemoteSwiftPackageReference "SnapKit" */;
			productName = SnapKit;
		};
		D0DE2D952BC3E19500354FA2 /* SnapKit-Dynamic */ = {
			isa = XCSwiftPackageProductDependency;
			package = D0DE2D922BC3E19500354FA2 /* XCRemoteSwiftPackageReference "SnapKit" */;
			productName = "SnapKit-Dynamic";
		};
/* End XCSwiftPackageProductDependency section */
	};
	rootObject = D0DE2D732BC3E14E00354FA2 /* Project object */;
}
